
Microsoft Visual Studio Solution File, Format Version 12.00
# Visual Studio Version 17
VisualStudioVersion = 17.9.34902.65
MinimumVisualStudioVersion = 10.0.40219.1
Project("{FAE04EC0-301F-11D3-BF4B-00C04F79EFBC}") = "lv05", "lv05\lv05.csproj", "{AA602558-2DA9-49C9-B66C-9D7E06FF72A2}"
EndProject
Global
	GlobalSection(SolutionConfigurationPlatforms) = preSolution
		Debug|Any CPU = Debug|Any CPU
		Release|Any CPU = Release|Any CPU
	EndGlobalSection
	GlobalSection(ProjectConfigurationPlatforms) = postSolution
		{AA602558-2DA9-49C9-B66C-9D7E06FF72A2}.Debug|Any CPU.ActiveCfg = Debug|Any CPU
		{AA602558-2DA9-49C9-B66C-9D7E06FF72A2}.Debug|Any CPU.Build.0 = Debug|Any CPU
		{AA602558-2DA9-49C9-B66C-9D7E06FF72A2}.Release|Any CPU.ActiveCfg = Release|Any CPU
		{AA602558-2DA9-49C9-B66C-9D7E06FF72A2}.Release|Any CPU.Build.0 = Release|Any CPU
	EndGlobalSection
	GlobalSection(SolutionProperties) = preSolution
		HideSolutionNode = FALSE
	EndGlobalSection
	GlobalSection(ExtensibilityGlobals) = postSolution
		SolutionGuid = {6C94E44F-5EDE-4EC2-8D95-4E260C3A8030}
	EndGlobalSection
EndGlobal
